{
  "lockfileVersion": 2,
  "configVersion": 1,
  "workspaces": {
    "": {
      "name": "bitty-mcp",
      "devDependencies": {
        "@commitlint/config-conventional": "21.2.2",
        "carryctx": "0.11.2",
      },
    },
  },
  "packages": {
    "@commitlint/config-conventional": ["@commitlint/config-conventional@21.2.2", "", { "dependencies": { "@commitlint/types": "^21.2.0", "conventional-changelog-conventionalcommits": "^10.0.0" } }, "sha512-NxA37SZviusFUEYOQZ5hNnZ1h7O/KiemPkxjOlpzKJNnWxThiwc6/SaZhaPa8fyLvfRBAywhQhJJk8XESHWlpQ=="],

    "@commitlint/types": ["@commitlint/types@21.2.0", "", { "dependencies": { "conventional-commits-parser": "^7.0.0", "picocolors": "^1.1.1" } }, "sha512-7zVFCDB2reMvJH5dmbKnOQPjZEvjdJTH8jc0U/PIPU1r3/+vf5pD1HlfitV2MWsWXrvu7u39iY1lyLUPOaN0Gw=="],

    "@conventional-changelog/template": ["@conventional-changelog/template@1.4.0", "", {}, "sha512-aalGyl7dbB5PArRebDIX43ZvBlXrYm9uWzGJ26t+4SzJVPsOuvfILGGbw5X4yX7i50YEmJ8zvbiWnqH/AAnZqg=="],

    "@simple-libs/stream-utils": ["@simple-libs/stream-utils@2.0.0", "", {}, "sha512-fCTuZK4QBa+39Oz9l4OGfJfz+GpwCp3AqO7Zch3to99xHPgstVsRFpeQ8LNd2o1Gv8raL2mCFwiaHh7bFSp5DQ=="],

    "argue-cli": ["argue-cli@3.1.0", "", {}, "sha512-DhBpBfXL4SS2uC0N922MMajKR3CdrTG0u2or1PNYgXMsrSzViJrbtvT0nCLlLGUI0plam/ZZCs7aAauHtW9thw=="],

    "carryctx": ["carryctx@0.11.2", "", { "optionalDependencies": { "carryctx-cli-darwin-arm64": "0.11.2", "carryctx-cli-darwin-x64": "0.11.2", "carryctx-cli-linux-arm64-gnu": "0.11.2", "carryctx-cli-linux-x64-gnu": "0.11.2", "carryctx-cli-windows-x64": "0.11.2" }, "bin": { "carryctx": "bin/carryctx.js" } }, "sha512-y3W7daVypKgMAFnfAnCPpK5rVBHtBkj/DFkLLXzLfrm5YCtRWP9j1+QsqBc7FulnpnfRZXSX5g6ryLdnPNpakw=="],

    "carryctx-cli-darwin-arm64": ["carryctx-cli-darwin-arm64@0.11.2", "", { "os": "darwin", "cpu": "arm64" }, "sha512-INAh35F7TU8DObdW5zIpab1KiW64vm/AxkJRrYeV5cqNP4AIccG/W7oH+m1Z8Fpm7LbpUtpgwkREsuzJmctyBA=="],

    "carryctx-cli-darwin-x64": ["carryctx-cli-darwin-x64@0.11.2", "", { "os": "darwin", "cpu": "x64" }, "sha512-hSt5X4YEsrnZ9CKL7fTNiYb5UFlUDHPwg11ES5v/JuVvTHpDDPzmvMMiMKg/pQKoHLDrieWUi3LwudeC3LKRZA=="],

    "carryctx-cli-linux-arm64-gnu": ["carryctx-cli-linux-arm64-gnu@0.11.2", "", { "os": "linux", "cpu": "arm64" }, "sha512-jUnsNMfFJz5zO1ZqOFryPR1TN3Vx3Iw0p1bTqCvq0yoe8sInZAAnyzqDpTTBRToYIISSsZI9e+4TonSpOt3fMQ=="],

    "carryctx-cli-linux-x64-gnu": ["carryctx-cli-linux-x64-gnu@0.11.2", "", { "os": "linux", "cpu": "x64" }, "sha512-xRsVxeTISRlRri/D//k0ZjAEmvEZA2ICjKMBqor3/jzpgvW+fqPcum/Pot3tJ0t3U2epXBH7uavH9LyojZwjMQ=="],

    "carryctx-cli-windows-x64": ["carryctx-cli-windows-x64@0.11.2", "", { "os": "win32", "cpu": "x64" }, "sha512-OXijwEEnCi/X9WLom+S7YGcmrCDoTYrGwQplvwewULOJLVZjPHmVBXgbAlPvJtOf2E8mkXRTTyhyqdlBnpfutA=="],

    "conventional-changelog-conventionalcommits": ["conventional-changelog-conventionalcommits@10.4.0", "", { "dependencies": { "@conventional-changelog/template": "^1.4.0" } }, "sha512-Rriac6ZrAlVm6cy9Bz4NSp+WMHpwNXoPIYex+HjCgduAVUSbnew29DQjQw0C4g9u3HtSYzGiGY+pdBXAZo+4aA=="],

    "conventional-commits-parser": ["conventional-commits-parser@7.1.2", "", { "dependencies": { "@simple-libs/stream-utils": "^2.0.0", "argue-cli": "^3.1.0" }, "bin": { "conventional-commits-parser": "./dist/cli/index.js" } }, "sha512-O+x4N2yH+ijvqWlIyTHsXTAP+algNWgGbjY2duCe8w2vUMvUB95cLRslCPfTMQyLAKlet3bhZTdu6ozn4M+QJQ=="],

    "picocolors": ["picocolors@1.1.1", "", {}, "sha512-xceH2snhtb5M9liqDsmEw56le376mTZkEX/jEb/RxNFyegNul7eNslCXP9FDj/Lcu0X8KEyMceP2ntpaHrDEVA=="],
  }
}
